
Microsoft Visual Studio Solution File, Format Version 12.00
# Visual Studio Version 17
VisualStudioVersion = 17.7.34031.279
MinimumVisualStudioVersion = 10.0.40219.1
Project("{FAE04EC0-301F-11D3-BF4B-00C04F79EFBC}") = "loginportal", "loginportal\loginportal.csproj", "{28B79EA9-FB43-4340-AAE3-F4D860862294}"
EndProject
Global
	GlobalSection(SolutionConfigurationPlatforms) = preSolution
		Debug|Any CPU = Debug|Any CPU
		Release|Any CPU = Release|Any CPU
	EndGlobalSection
	GlobalSection(ProjectConfigurationPlatforms) = postSolution
		{28B79EA9-FB43-4340-AAE3-F4D860862294}.Debug|Any CPU.ActiveCfg = Debug|Any CPU
		{28B79EA9-FB43-4340-AAE3-F4D860862294}.Debug|Any CPU.Build.0 = Debug|Any CPU
		{28B79EA9-FB43-4340-AAE3-F4D860862294}.Release|Any CPU.ActiveCfg = Release|Any CPU
		{28B79EA9-FB43-4340-AAE3-F4D860862294}.Release|Any CPU.Build.0 = Release|Any CPU
	EndGlobalSection
	GlobalSection(SolutionProperties) = preSolution
		HideSolutionNode = FALSE
	EndGlobalSection
	GlobalSection(ExtensibilityGlobals) = postSolution
		SolutionGuid = {622F1B32-5BEA-4EFA-8825-9B70DA9530EC}
	EndGlobalSection
EndGlobal
